// !$*UTF8*$!
{
	archiveVersion = 1;
	classes = {
	};
	objectVersion = 46;
	objects = {

/* Begin PBXBuildFile section */
		FD216E151450D24100B8D6C6 /* InfoPlist.strings in Resources */ = {isa = PBXBuildFile; fileRef = FD216E131450D24100B8D6C6 /* InfoPlist.strings */; };
		FD216E211450D32500B8D6C6 /* Lidenbrock.h in Headers */ = {isa = PBXBuildFile; fileRef = C771B6A9137D6F7A00FA004C /* Lidenbrock.h */; settings = {ATTRIBUTES = (); }; };
		FD216E221450D32500B8D6C6 /* NSManagedObject+Lidenbrock.h in Headers */ = {isa = PBXBuildFile; fileRef = C771B6AA137D6F7A00FA004C /* NSManagedObject+Lidenbrock.h */; settings = {ATTRIBUTES = (Public, ); }; };
		FD216E231450D32500B8D6C6 /* NSManagedObject+Lidenbrock.m in Sources */ = {isa = PBXBuildFile; fileRef = C771B6AB137D6F7A00FA004C /* NSManagedObject+Lidenbrock.m */; };
		FD216E241450D32500B8D6C6 /* NSManagedObjectContext+Lidenbrock.h in Headers */ = {isa = PBXBuildFile; fileRef = C771B6AC137D6F7A00FA004C /* NSManagedObjectContext+Lidenbrock.h */; settings = {ATTRIBUTES = (Public, ); }; };
		FD216E251450D32500B8D6C6 /* NSManagedObjectContext+Lidenbrock.m in Sources */ = {isa = PBXBuildFile; fileRef = C771B6AD137D6F7A00FA004C /* NSManagedObjectContext+Lidenbrock.m */; };
		FD216E261450D32500B8D6C6 /* LBObjectManager.h in Headers */ = {isa = PBXBuildFile; fileRef = C771B6A7137D6F7A00FA004C /* LBObjectManager.h */; settings = {ATTRIBUTES = (); }; };
		FD216E271450D32500B8D6C6 /* LBObjectManager.m in Sources */ = {isa = PBXBuildFile; fileRef = C771B6A8137D6F7A00FA004C /* LBObjectManager.m */; };
		FD216E281450D32500B8D6C6 /* JSONKit.h in Headers */ = {isa = PBXBuildFile; fileRef = C771B6A5137D6F7A00FA004C /* JSONKit.h */; settings = {ATTRIBUTES = (); }; };
		FD216E291450D32500B8D6C6 /* JSONKit.m in Sources */ = {isa = PBXBuildFile; fileRef = C771B6A6137D6F7A00FA004C /* JSONKit.m */; };
		FD216E2E1450D85B00B8D6C6 /* Cocoa.framework in Frameworks */ = {isa = PBXBuildFile; fileRef = FD216E2A1450D82000B8D6C6 /* Cocoa.framework */; };
		FD216E3F1450D8A700B8D6C6 /* UIKit.framework in Frameworks */ = {isa = PBXBuildFile; fileRef = FD216E3E1450D8A700B8D6C6 /* UIKit.framework */; };
		FD216E401450D90D00B8D6C6 /* Lidenbrock.h in Headers */ = {isa = PBXBuildFile; fileRef = C771B6A9137D6F7A00FA004C /* Lidenbrock.h */; };
		FD216E411450D90D00B8D6C6 /* NSManagedObject+Lidenbrock.h in Headers */ = {isa = PBXBuildFile; fileRef = C771B6AA137D6F7A00FA004C /* NSManagedObject+Lidenbrock.h */; };
		FD216E421450D90D00B8D6C6 /* NSManagedObject+Lidenbrock.m in Sources */ = {isa = PBXBuildFile; fileRef = C771B6AB137D6F7A00FA004C /* NSManagedObject+Lidenbrock.m */; };
		FD216E431450D90D00B8D6C6 /* NSManagedObjectContext+Lidenbrock.h in Headers */ = {isa = PBXBuildFile; fileRef = C771B6AC137D6F7A00FA004C /* NSManagedObjectContext+Lidenbrock.h */; };
		FD216E441450D90D00B8D6C6 /* NSManagedObjectContext+Lidenbrock.m in Sources */ = {isa = PBXBuildFile; fileRef = C771B6AD137D6F7A00FA004C /* NSManagedObjectContext+Lidenbrock.m */; };
		FD216E451450D90D00B8D6C6 /* LBObjectManager.h in Headers */ = {isa = PBXBuildFile; fileRef = C771B6A7137D6F7A00FA004C /* LBObjectManager.h */; };
		FD216E461450D90D00B8D6C6 /* LBObjectManager.m in Sources */ = {isa = PBXBuildFile; fileRef = C771B6A8137D6F7A00FA004C /* LBObjectManager.m */; };
		FD216E471450D90D00B8D6C6 /* JSONKit.h in Headers */ = {isa = PBXBuildFile; fileRef = C771B6A5137D6F7A00FA004C /* JSONKit.h */; };
		FD216E481450D90D00B8D6C6 /* JSONKit.m in Sources */ = {isa = PBXBuildFile; fileRef = C771B6A6137D6F7A00FA004C /* JSONKit.m */; };
		FD216E4B1450D96500B8D6C6 /* Foundation.framework in Frameworks */ = {isa = PBXBuildFile; fileRef = FD216E491450D95000B8D6C6 /* Foundation.framework */; };
		FD216E4D1450D9B000B8D6C6 /* AppKit.framework in Frameworks */ = {isa = PBXBuildFile; fileRef = FD216E4C1450D9AF00B8D6C6 /* AppKit.framework */; };
/* End PBXBuildFile section */

/* Begin PBXFileReference section */
		C771B697137D6F1200FA004C /* Lidenbrock-Info.plist */ = {isa = PBXFileReference; lastKnownFileType = text.plist.xml; path = "Lidenbrock-Info.plist"; sourceTree = "<group>"; };
		C771B699137D6F1200FA004C /* en */ = {isa = PBXFileReference; lastKnownFileType = text.plist.strings; name = en; path = en.lproj/InfoPlist.strings; sourceTree = "<group>"; };
		C771B69B137D6F1200FA004C /* Lidenbrock-Prefix.pch */ = {isa = PBXFileReference; lastKnownFileType = sourcecode.c.h; path = "Lidenbrock-Prefix.pch"; sourceTree = "<group>"; };
		C771B6A5137D6F7A00FA004C /* JSONKit.h */ = {isa = PBXFileReference; fileEncoding = 4; lastKnownFileType = sourcecode.c.h; path = JSONKit.h; sourceTree = "<group>"; };
		C771B6A6137D6F7A00FA004C /* JSONKit.m */ = {isa = PBXFileReference; fileEncoding = 4; lastKnownFileType = sourcecode.c.objc; path = JSONKit.m; sourceTree = "<group>"; };
		C771B6A7137D6F7A00FA004C /* LBObjectManager.h */ = {isa = PBXFileReference; fileEncoding = 4; lastKnownFileType = sourcecode.c.h; path = LBObjectManager.h; sourceTree = "<group>"; };
		C771B6A8137D6F7A00FA004C /* LBObjectManager.m */ = {isa = PBXFileReference; fileEncoding = 4; lastKnownFileType = sourcecode.c.objc; path = LBObjectManager.m; sourceTree = "<group>"; };
		C771B6A9137D6F7A00FA004C /* Lidenbrock.h */ = {isa = PBXFileReference; fileEncoding = 4; lastKnownFileType = sourcecode.c.h; path = Lidenbrock.h; sourceTree = "<group>"; };
		C771B6AA137D6F7A00FA004C /* NSManagedObject+Lidenbrock.h */ = {isa = PBXFileReference; fileEncoding = 4; lastKnownFileType = sourcecode.c.h; path = "NSManagedObject+Lidenbrock.h"; sourceTree = "<group>"; };
		C771B6AB137D6F7A00FA004C /* NSManagedObject+Lidenbrock.m */ = {isa = PBXFileReference; fileEncoding = 4; lastKnownFileType = sourcecode.c.objc; path = "NSManagedObject+Lidenbrock.m"; sourceTree = "<group>"; };
		C771B6AC137D6F7A00FA004C /* NSManagedObjectContext+Lidenbrock.h */ = {isa = PBXFileReference; fileEncoding = 4; lastKnownFileType = sourcecode.c.h; path = "NSManagedObjectContext+Lidenbrock.h"; sourceTree = "<group>"; };
		C771B6AD137D6F7A00FA004C /* NSManagedObjectContext+Lidenbrock.m */ = {isa = PBXFileReference; fileEncoding = 4; lastKnownFileType = sourcecode.c.objc; path = "NSManagedObjectContext+Lidenbrock.m"; sourceTree = "<group>"; };
		C771B6B7137D6FB400FA004C /* README.md */ = {isa = PBXFileReference; lastKnownFileType = text; path = README.md; sourceTree = "<group>"; };
		C771B6B8137D6FD400FA004C /* CoreData.framework */ = {isa = PBXFileReference; lastKnownFileType = wrapper.framework; name = CoreData.framework; path = System/Library/Frameworks/CoreData.framework; sourceTree = SDKROOT; };
		C7C5820A1393D1AE00C207B5 /* LICENSE */ = {isa = PBXFileReference; fileEncoding = 4; lastKnownFileType = text; path = LICENSE; sourceTree = "<group>"; };
		FD216E091450D24100B8D6C6 /* Lidenbrock.framework */ = {isa = PBXFileReference; explicitFileType = wrapper.framework; includeInIndex = 0; path = Lidenbrock.framework; sourceTree = BUILT_PRODUCTS_DIR; };
		FD216E121450D24100B8D6C6 /* Lidenbrock-Info.plist */ = {isa = PBXFileReference; lastKnownFileType = text.plist.xml; path = "Lidenbrock-Info.plist"; sourceTree = "<group>"; };
		FD216E141450D24100B8D6C6 /* en */ = {isa = PBXFileReference; lastKnownFileType = text.plist.strings; name = en; path = en.lproj/InfoPlist.strings; sourceTree = "<group>"; };
		FD216E161450D24100B8D6C6 /* Lidenbrock-Prefix.pch */ = {isa = PBXFileReference; lastKnownFileType = sourcecode.c.h; path = "Lidenbrock-Prefix.pch"; sourceTree = "<group>"; };
		FD216E2A1450D82000B8D6C6 /* Cocoa.framework */ = {isa = PBXFileReference; lastKnownFileType = wrapper.framework; name = Cocoa.framework; path = SDKs/MacOSX10.7.sdk/System/Library/Frameworks/Cocoa.framework; sourceTree = DEVELOPER_DIR; };
		FD216E331450D88C00B8D6C6 /* liblidenbrock-ios.a */ = {isa = PBXFileReference; explicitFileType = archive.ar; includeInIndex = 0; path = "liblidenbrock-ios.a"; sourceTree = BUILT_PRODUCTS_DIR; };
		FD216E371450D88C00B8D6C6 /* lidenbrock-ios-Prefix.pch */ = {isa = PBXFileReference; lastKnownFileType = sourcecode.c.h; path = "lidenbrock-ios-Prefix.pch"; sourceTree = "<group>"; };
		FD216E3E1450D8A700B8D6C6 /* UIKit.framework */ = {isa = PBXFileReference; lastKnownFileType = wrapper.framework; name = UIKit.framework; path = System/Library/Frameworks/UIKit.framework; sourceTree = SDKROOT; };
		FD216E491450D95000B8D6C6 /* Foundation.framework */ = {isa = PBXFileReference; lastKnownFileType = wrapper.framework; name = Foundation.framework; path = SDKs/MacOSX10.7.sdk/System/Library/Frameworks/Foundation.framework; sourceTree = DEVELOPER_DIR; };
		FD216E4C1450D9AF00B8D6C6 /* AppKit.framework */ = {isa = PBXFileReference; lastKnownFileType = wrapper.framework; name = AppKit.framework; path = SDKs/MacOSX10.7.sdk/System/Library/Frameworks/AppKit.framework; sourceTree = DEVELOPER_DIR; };
/* End PBXFileReference section */

/* Begin PBXFrameworksBuildPhase section */
		FD216E051450D24100B8D6C6 /* Frameworks */ = {
			isa = PBXFrameworksBuildPhase;
			buildActionMask = 2147483647;
			files = (
				FD216E4D1450D9B000B8D6C6 /* AppKit.framework in Frameworks */,
				FD216E2E1450D85B00B8D6C6 /* Cocoa.framework in Frameworks */,
				FD216E4B1450D96500B8D6C6 /* Foundation.framework in Frameworks */,
			);
			runOnlyForDeploymentPostprocessing = 0;
		};
		FD216E301450D88C00B8D6C6 /* Frameworks */ = {
			isa = PBXFrameworksBuildPhase;
			buildActionMask = 2147483647;
			files = (
				FD216E3F1450D8A700B8D6C6 /* UIKit.framework in Frameworks */,
			);
			runOnlyForDeploymentPostprocessing = 0;
		};
/* End PBXFrameworksBuildPhase section */

/* Begin PBXGroup section */
		C771B682137D6F1200FA004C = {
			isa = PBXGroup;
			children = (
				C7C5820A1393D1AE00C207B5 /* LICENSE */,
				C771B6B7137D6FB400FA004C /* README.md */,
				C771B695137D6F1200FA004C /* Lidenbrock */,
				FD216E101450D24100B8D6C6 /* Lidenbrock Mac */,
				FD216E351450D88C00B8D6C6 /* Lidenbrock iOS */,
				C771B690137D6F1200FA004C /* Frameworks */,
				C771B68F137D6F1200FA004C /* Products */,
			);
			sourceTree = "<group>";
		};
		C771B68F137D6F1200FA004C /* Products */ = {
			isa = PBXGroup;
			children = (
				FD216E091450D24100B8D6C6 /* Lidenbrock.framework */,
				FD216E331450D88C00B8D6C6 /* liblidenbrock-ios.a */,
			);
			name = Products;
			sourceTree = "<group>";
		};
		C771B690137D6F1200FA004C /* Frameworks */ = {
			isa = PBXGroup;
			children = (
				C771B6B8137D6FD400FA004C /* CoreData.framework */,
				FD216E491450D95000B8D6C6 /* Foundation.framework */,
				FD216E2D1450D84100B8D6C6 /* Linked iOS Frameworks */,
				FD216E2C1450D82800B8D6C6 /* Linked Mac Frameworks */,
				FD216E0C1450D24100B8D6C6 /* Other Frameworks */,
			);
			name = Frameworks;
			sourceTree = "<group>";
		};
		C771B695137D6F1200FA004C /* Lidenbrock */ = {
			isa = PBXGroup;
			children = (
				C771B6A4137D6F7A00FA004C /* Classes */,
				C771B696137D6F1200FA004C /* Supporting Files */,
			);
			path = Lidenbrock;
			sourceTree = "<group>";
		};
		C771B696137D6F1200FA004C /* Supporting Files */ = {
			isa = PBXGroup;
			children = (
				C771B697137D6F1200FA004C /* Lidenbrock-Info.plist */,
				C771B698137D6F1200FA004C /* InfoPlist.strings */,
				C771B69B137D6F1200FA004C /* Lidenbrock-Prefix.pch */,
			);
			name = "Supporting Files";
			sourceTree = "<group>";
		};
		C771B6A4137D6F7A00FA004C /* Classes */ = {
			isa = PBXGroup;
			children = (
				C771B6A9137D6F7A00FA004C /* Lidenbrock.h */,
				C771B6AA137D6F7A00FA004C /* NSManagedObject+Lidenbrock.h */,
				C771B6AB137D6F7A00FA004C /* NSManagedObject+Lidenbrock.m */,
				C771B6AC137D6F7A00FA004C /* NSManagedObjectContext+Lidenbrock.h */,
				C771B6AD137D6F7A00FA004C /* NSManagedObjectContext+Lidenbrock.m */,
				C771B6A7137D6F7A00FA004C /* LBObjectManager.h */,
				C771B6A8137D6F7A00FA004C /* LBObjectManager.m */,
				C771B6A5137D6F7A00FA004C /* JSONKit.h */,
				C771B6A6137D6F7A00FA004C /* JSONKit.m */,
			);
			path = Classes;
			sourceTree = "<group>";
		};
		FD216E0C1450D24100B8D6C6 /* Other Frameworks */ = {
			isa = PBXGroup;
			children = (
			);
			name = "Other Frameworks";
			sourceTree = "<group>";
		};
		FD216E101450D24100B8D6C6 /* Lidenbrock Mac */ = {
			isa = PBXGroup;
			children = (
				FD216E111450D24100B8D6C6 /* Supporting Files */,
			);
			name = "Lidenbrock Mac";
			path = Lidenbrock;
			sourceTree = "<group>";
		};
		FD216E111450D24100B8D6C6 /* Supporting Files */ = {
			isa = PBXGroup;
			children = (
				FD216E121450D24100B8D6C6 /* Lidenbrock-Info.plist */,
				FD216E131450D24100B8D6C6 /* InfoPlist.strings */,
				FD216E161450D24100B8D6C6 /* Lidenbrock-Prefix.pch */,
			);
			name = "Supporting Files";
			sourceTree = "<group>";
		};
		FD216E2C1450D82800B8D6C6 /* Linked Mac Frameworks */ = {
			isa = PBXGroup;
			children = (
				FD216E4C1450D9AF00B8D6C6 /* AppKit.framework */,
				FD216E2A1450D82000B8D6C6 /* Cocoa.framework */,
			);
			name = "Linked Mac Frameworks";
			sourceTree = "<group>";
		};
		FD216E2D1450D84100B8D6C6 /* Linked iOS Frameworks */ = {
			isa = PBXGroup;
			children = (
				FD216E3E1450D8A700B8D6C6 /* UIKit.framework */,
			);
			name = "Linked iOS Frameworks";
			sourceTree = "<group>";
		};
		FD216E351450D88C00B8D6C6 /* Lidenbrock iOS */ = {
			isa = PBXGroup;
			children = (
				FD216E361450D88C00B8D6C6 /* Supporting Files */,
			);
			name = "Lidenbrock iOS";
			path = "lidenbrock-ios";
			sourceTree = "<group>";
		};
		FD216E361450D88C00B8D6C6 /* Supporting Files */ = {
			isa = PBXGroup;
			children = (
				FD216E371450D88C00B8D6C6 /* lidenbrock-ios-Prefix.pch */,
			);
			name = "Supporting Files";
			sourceTree = "<group>";
		};
/* End PBXGroup section */

/* Begin PBXHeadersBuildPhase section */
		FD216E061450D24100B8D6C6 /* Headers */ = {
			isa = PBXHeadersBuildPhase;
			buildActionMask = 2147483647;
			files = (
				FD216E221450D32500B8D6C6 /* NSManagedObject+Lidenbrock.h in Headers */,
				FD216E241450D32500B8D6C6 /* NSManagedObjectContext+Lidenbrock.h in Headers */,
				FD216E261450D32500B8D6C6 /* LBObjectManager.h in Headers */,
				FD216E211450D32500B8D6C6 /* Lidenbrock.h in Headers */,
				FD216E281450D32500B8D6C6 /* JSONKit.h in Headers */,
			);
			runOnlyForDeploymentPostprocessing = 0;
		};
		FD216E311450D88C00B8D6C6 /* Headers */ = {
			isa = PBXHeadersBuildPhase;
			buildActionMask = 2147483647;
			files = (
				FD216E401450D90D00B8D6C6 /* Lidenbrock.h in Headers */,
				FD216E411450D90D00B8D6C6 /* NSManagedObject+Lidenbrock.h in Headers */,
				FD216E431450D90D00B8D6C6 /* NSManagedObjectContext+Lidenbrock.h in Headers */,
				FD216E451450D90D00B8D6C6 /* LBObjectManager.h in Headers */,
				FD216E471450D90D00B8D6C6 /* JSONKit.h in Headers */,
			);
			runOnlyForDeploymentPostprocessing = 0;
		};
/* End PBXHeadersBuildPhase section */

/* Begin PBXNativeTarget section */
		FD216E081450D24100B8D6C6 /* Lidenbrock */ = {
			isa = PBXNativeTarget;
			buildConfigurationList = FD216E1A1450D24100B8D6C6 /* Build configuration list for PBXNativeTarget "Lidenbrock" */;
			buildPhases = (
				FD216E041450D24100B8D6C6 /* Sources */,
				FD216E051450D24100B8D6C6 /* Frameworks */,
				FD216E061450D24100B8D6C6 /* Headers */,
				FD216E071450D24100B8D6C6 /* Resources */,
			);
			buildRules = (
			);
			dependencies = (
			);
			name = Lidenbrock;
			productName = Lidenbrock;
			productReference = FD216E091450D24100B8D6C6 /* Lidenbrock.framework */;
			productType = "com.apple.product-type.framework";
		};
		FD216E321450D88C00B8D6C6 /* lidenbrock-ios */ = {
			isa = PBXNativeTarget;
			buildConfigurationList = FD216E3B1450D88C00B8D6C6 /* Build configuration list for PBXNativeTarget "lidenbrock-ios" */;
			buildPhases = (
				FD216E2F1450D88C00B8D6C6 /* Sources */,
				FD216E301450D88C00B8D6C6 /* Frameworks */,
				FD216E311450D88C00B8D6C6 /* Headers */,
			);
			buildRules = (
			);
			dependencies = (
			);
			name = "lidenbrock-ios";
			productName = "lidenbrock-ios";
			productReference = FD216E331450D88C00B8D6C6 /* liblidenbrock-ios.a */;
			productType = "com.apple.product-type.library.static";
		};
/* End PBXNativeTarget section */

/* Begin PBXProject section */
		C771B684137D6F1200FA004C /* Project object */ = {
			isa = PBXProject;
			attributes = {
				LastUpgradeCheck = 0420;
				ORGANIZATIONNAME = "Six Degrees";
			};
			buildConfigurationList = C771B687137D6F1200FA004C /* Build configuration list for PBXProject "Lidenbrock" */;
			compatibilityVersion = "Xcode 3.2";
			developmentRegion = English;
			hasScannedForEncodings = 0;
			knownRegions = (
				en,
			);
			mainGroup = C771B682137D6F1200FA004C;
			productRefGroup = C771B68F137D6F1200FA004C /* Products */;
			projectDirPath = "";
			projectRoot = "";
			targets = (
				FD216E081450D24100B8D6C6 /* Lidenbrock */,
				FD216E321450D88C00B8D6C6 /* lidenbrock-ios */,
			);
		};
/* End PBXProject section */

/* Begin PBXResourcesBuildPhase section */
		FD216E071450D24100B8D6C6 /* Resources */ = {
			isa = PBXResourcesBuildPhase;
			buildActionMask = 2147483647;
			files = (
				FD216E151450D24100B8D6C6 /* InfoPlist.strings in Resources */,
			);
			runOnlyForDeploymentPostprocessing = 0;
		};
/* End PBXResourcesBuildPhase section */

/* Begin PBXSourcesBuildPhase section */
		FD216E041450D24100B8D6C6 /* Sources */ = {
			isa = PBXSourcesBuildPhase;
			buildActionMask = 2147483647;
			files = (
				FD216E231450D32500B8D6C6 /* NSManagedObject+Lidenbrock.m in Sources */,
				FD216E251450D32500B8D6C6 /* NSManagedObjectContext+Lidenbrock.m in Sources */,
				FD216E271450D32500B8D6C6 /* LBObjectManager.m in Sources */,
				FD216E291450D32500B8D6C6 /* JSONKit.m in Sources */,
			);
			runOnlyForDeploymentPostprocessing = 0;
		};
		FD216E2F1450D88C00B8D6C6 /* Sources */ = {
			isa = PBXSourcesBuildPhase;
			buildActionMask = 2147483647;
			files = (
				FD216E421450D90D00B8D6C6 /* NSManagedObject+Lidenbrock.m in Sources */,
				FD216E441450D90D00B8D6C6 /* NSManagedObjectContext+Lidenbrock.m in Sources */,
				FD216E461450D90D00B8D6C6 /* LBObjectManager.m in Sources */,
				FD216E481450D90D00B8D6C6 /* JSONKit.m in Sources */,
			);
			runOnlyForDeploymentPostprocessing = 0;
		};
/* End PBXSourcesBuildPhase section */

/* Begin PBXVariantGroup section */
		C771B698137D6F1200FA004C /* InfoPlist.strings */ = {
			isa = PBXVariantGroup;
			children = (
				C771B699137D6F1200FA004C /* en */,
			);
			name = InfoPlist.strings;
			sourceTree = "<group>";
		};
		FD216E131450D24100B8D6C6 /* InfoPlist.strings */ = {
			isa = PBXVariantGroup;
			children = (
				FD216E141450D24100B8D6C6 /* en */,
			);
			name = InfoPlist.strings;
			sourceTree = "<group>";
		};
/* End PBXVariantGroup section */

/* Begin XCBuildConfiguration section */
		C771B69C137D6F1200FA004C /* Debug */ = {
			isa = XCBuildConfiguration;
			buildSettings = {
				ARCHS = "$(ARCHS_STANDARD_32_BIT)";
				GCC_C_LANGUAGE_STANDARD = gnu99;
				GCC_OPTIMIZATION_LEVEL = 0;
				GCC_PREPROCESSOR_DEFINITIONS = DEBUG;
				GCC_SYMBOLS_PRIVATE_EXTERN = NO;
				GCC_VERSION = com.apple.compilers.llvmgcc42;
				GCC_WARN_ABOUT_RETURN_TYPE = YES;
				GCC_WARN_UNUSED_VARIABLE = YES;
				IPHONEOS_DEPLOYMENT_TARGET = 4.3;
				SDKROOT = iphoneos;
			};
			name = Debug;
		};
		C771B69D137D6F1200FA004C /* Release */ = {
			isa = XCBuildConfiguration;
			buildSettings = {
				ARCHS = "$(ARCHS_STANDARD_32_BIT)";
				GCC_C_LANGUAGE_STANDARD = gnu99;
				GCC_VERSION = com.apple.compilers.llvmgcc42;
				GCC_WARN_ABOUT_RETURN_TYPE = YES;
				GCC_WARN_UNUSED_VARIABLE = YES;
				IPHONEOS_DEPLOYMENT_TARGET = 4.3;
				SDKROOT = iphoneos;
			};
			name = Release;
		};
		FD216E1B1450D24100B8D6C6 /* Debug */ = {
			isa = XCBuildConfiguration;
			buildSettings = {
				ALWAYS_SEARCH_USER_PATHS = NO;
				ARCHS = "$(ARCHS_STANDARD_64_BIT)";
				COPY_PHASE_STRIP = NO;
				DYLIB_COMPATIBILITY_VERSION = 1;
				DYLIB_CURRENT_VERSION = 1;
				FRAMEWORK_SEARCH_PATHS = (
					"$(inherited)",
					"\"$(DEVELOPER_FRAMEWORKS_DIR)\"",
				);
				FRAMEWORK_VERSION = A;
				GCC_DYNAMIC_NO_PIC = NO;
				GCC_ENABLE_OBJC_EXCEPTIONS = YES;
				GCC_PRECOMPILE_PREFIX_HEADER = YES;
				GCC_PREFIX_HEADER = "Lidenbrock/Lidenbrock-Prefix.pch";
				GCC_PREPROCESSOR_DEFINITIONS = (
					"DEBUG=1",
					"$(inherited)",
				);
				GCC_VERSION = com.apple.compilers.llvm.clang.1_0;
				GCC_WARN_64_TO_32_BIT_CONVERSION = YES;
				GCC_WARN_ABOUT_MISSING_PROTOTYPES = YES;
				INFOPLIST_FILE = "Lidenbrock/Lidenbrock-Info.plist";
				MACOSX_DEPLOYMENT_TARGET = 10.7;
				ONLY_ACTIVE_ARCH = YES;
				PRODUCT_NAME = "$(TARGET_NAME)";
				SDKROOT = macosx;
				WRAPPER_EXTENSION = framework;
			};
			name = Debug;
		};
		FD216E1C1450D24100B8D6C6 /* Release */ = {
			isa = XCBuildConfiguration;
			buildSettings = {
				ALWAYS_SEARCH_USER_PATHS = NO;
				ARCHS = "$(ARCHS_STANDARD_64_BIT)";
				COPY_PHASE_STRIP = YES;
				DEBUG_INFORMATION_FORMAT = "dwarf-with-dsym";
				DYLIB_COMPATIBILITY_VERSION = 1;
				DYLIB_CURRENT_VERSION = 1;
				FRAMEWORK_SEARCH_PATHS = (
					"$(inherited)",
					"\"$(DEVELOPER_FRAMEWORKS_DIR)\"",
				);
				FRAMEWORK_VERSION = A;
				GCC_ENABLE_OBJC_EXCEPTIONS = YES;
				GCC_PRECOMPILE_PREFIX_HEADER = YES;
				GCC_PREFIX_HEADER = "Lidenbrock/Lidenbrock-Prefix.pch";
				GCC_VERSION = com.apple.compilers.llvm.clang.1_0;
				GCC_WARN_64_TO_32_BIT_CONVERSION = YES;
				GCC_WARN_ABOUT_MISSING_PROTOTYPES = YES;
				INFOPLIST_FILE = "Lidenbrock/Lidenbrock-Info.plist";
				MACOSX_DEPLOYMENT_TARGET = 10.7;
				PRODUCT_NAME = "$(TARGET_NAME)";
				SDKROOT = macosx;
				WRAPPER_EXTENSION = framework;
			};
			name = Release;
		};
		FD216E3C1450D88C00B8D6C6 /* Debug */ = {
			isa = XCBuildConfiguration;
			buildSettings = {
				ALWAYS_SEARCH_USER_PATHS = NO;
				COPY_PHASE_STRIP = NO;
				DSTROOT = /tmp/lidenbrock_ios.dst;
				GCC_DYNAMIC_NO_PIC = NO;
				GCC_PRECOMPILE_PREFIX_HEADER = YES;
				GCC_PREFIX_HEADER = "lidenbrock-ios/lidenbrock-ios-Prefix.pch";
				GCC_PREPROCESSOR_DEFINITIONS = (
					"DEBUG=1",
					"$(inherited)",
				);
				GCC_VERSION = com.apple.compilers.llvm.clang.1_0;
				GCC_WARN_ABOUT_MISSING_PROTOTYPES = YES;
				IPHONEOS_DEPLOYMENT_TARGET = 5.0;
				OTHER_LDFLAGS = "-ObjC";
				PRODUCT_NAME = "$(TARGET_NAME)";
				SKIP_INSTALL = YES;
			};
			name = Debug;
		};
		FD216E3D1450D88C00B8D6C6 /* Release */ = {
			isa = XCBuildConfiguration;
			buildSettings = {
				ALWAYS_SEARCH_USER_PATHS = NO;
				COPY_PHASE_STRIP = YES;
				DSTROOT = /tmp/lidenbrock_ios.dst;
				GCC_PRECOMPILE_PREFIX_HEADER = YES;
				GCC_PREFIX_HEADER = "lidenbrock-ios/lidenbrock-ios-Prefix.pch";
				GCC_VERSION = com.apple.compilers.llvm.clang.1_0;
				GCC_WARN_ABOUT_MISSING_PROTOTYPES = YES;
				IPHONEOS_DEPLOYMENT_TARGET = 5.0;
				OTHER_LDFLAGS = "-ObjC";
				PRODUCT_NAME = "$(TARGET_NAME)";
				SKIP_INSTALL = YES;
				VALIDATE_PRODUCT = YES;
			};
			name = Release;
		};
/* End XCBuildConfiguration section */

/* Begin XCConfigurationList section */
		C771B687137D6F1200FA004C /* Build configuration list for PBXProject "Lidenbrock" */ = {
			isa = XCConfigurationList;
			buildConfigurations = (
				C771B69C137D6F1200FA004C /* Debug */,
				C771B69D137D6F1200FA004C /* Release */,
			);
			defaultConfigurationIsVisible = 0;
			defaultConfigurationName = Release;
		};
		FD216E1A1450D24100B8D6C6 /* Build configuration list for PBXNativeTarget "Lidenbrock" */ = {
			isa = XCConfigurationList;
			buildConfigurations = (
				FD216E1B1450D24100B8D6C6 /* Debug */,
				FD216E1C1450D24100B8D6C6 /* Release */,
			);
			defaultConfigurationIsVisible = 0;
			defaultConfigurationName = Release;
		};
		FD216E3B1450D88C00B8D6C6 /* Build configuration list for PBXNativeTarget "lidenbrock-ios" */ = {
			isa = XCConfigurationList;
			buildConfigurations = (
				FD216E3C1450D88C00B8D6C6 /* Debug */,
				FD216E3D1450D88C00B8D6C6 /* Release */,
			);
			defaultConfigurationIsVisible = 0;
			defaultConfigurationName = Release;
		};
/* End XCConfigurationList section */
	};
	rootObject = C771B684137D6F1200FA004C /* Project object */;
}
